# THIS IS AN AUTOGENERATED FILE. DO NOT EDIT THIS FILE DIRECTLY.
# yarn lockfile v1


bourbon@^5.1.0:
  version "5.1.0"
  resolved "https://registry.yarnpkg.com/bourbon/-/bourbon-5.1.0.tgz#84fa10de4c4e837602d8c2ec716d74bcb8915bad"

quantity-queries@^0.4.0:
  version "0.4.0"
  resolved "https://registry.yarnpkg.com/quantity-queries/-/quantity-queries-0.4.0.tgz#8e106e2a4f16720d08dcc42e0239b16f3d71d5f7"

sass-mediaqueries@^1.6.1:
  version "1.6.1"
  resolved "https://registry.yarnpkg.com/sass-mediaqueries/-/sass-mediaqueries-1.6.1.tgz#53fe4a3fd481d104cf6779df6f264e735826a78b"
